
Microsoft Visual Studio Solution File, Format Version 12.00
Project("{FAE04EC0-301F-11D3-BF4B-00C04F79EFBC}") = "QuartierLatin.Backend", "QuartierLatin.Backend\QuartierLatin.Backend.csproj", "{4C9E41CF-6118-4A7A-8958-0F7CF79AF9D4}"
EndProject
Project("{FAE04EC0-301F-11D3-BF4B-00C04F79EFBC}") = "QuartierLatin.Backend.Tests", "QuartierLatin.Backend.Tests\QuartierLatin.Backend.Tests.csproj", "{EBCB66CF-D05D-44DD-8C59-1D2AE500E3E4}"
EndProject
Project("{FAE04EC0-301F-11D3-BF4B-00C04F79EFBC}") = "QuartierLatin.Importer", "QuartierLatin.Importer\QuartierLatin.Importer.csproj", "{F47241C7-8F81-4E94-963D-D2451C5E7923}"
EndProject
Project("{FAE04EC0-301F-11D3-BF4B-00C04F79EFBC}") = "QuartierLatin.Importer.DataModel", "QuartierLatin.Importer.DataModel\QuartierLatin.Importer.DataModel.csproj", "{0086E34A-7600-4B5A-8D13-44C0F0598104}"
EndProject
Project("{FAE04EC0-301F-11D3-BF4B-00C04F79EFBC}") = "RemoteUi", "remoteui\RemoteUi\RemoteUi.csproj", "{F1C429D3-2049-46DB-A199-DBBA987ABE38}"
EndProject
Project("{FAE04EC0-301F-11D3-BF4B-00C04F79EFBC}") = "QuartierLatin.CityMapper", "QuartierLatin.CityMapper\QuartierLatin.CityMapper.csproj", "{53C181E8-328F-44C5-9D30-BB7345A5F786}"
EndProject
Global
	GlobalSection(SolutionConfigurationPlatforms) = preSolution
		Debug|Any CPU = Debug|Any CPU
		Release|Any CPU = Release|Any CPU
	EndGlobalSection
	GlobalSection(ProjectConfigurationPlatforms) = postSolution
		{4C9E41CF-6118-4A7A-8958-0F7CF79AF9D4}.Debug|Any CPU.ActiveCfg = Debug|Any CPU
		{4C9E41CF-6118-4A7A-8958-0F7CF79AF9D4}.Debug|Any CPU.Build.0 = Debug|Any CPU
		{4C9E41CF-6118-4A7A-8958-0F7CF79AF9D4}.Release|Any CPU.ActiveCfg = Release|Any CPU
		{4C9E41CF-6118-4A7A-8958-0F7CF79AF9D4}.Release|Any CPU.Build.0 = Release|Any CPU
		{EBCB66CF-D05D-44DD-8C59-1D2AE500E3E4}.Debug|Any CPU.ActiveCfg = Debug|Any CPU
		{EBCB66CF-D05D-44DD-8C59-1D2AE500E3E4}.Debug|Any CPU.Build.0 = Debug|Any CPU
		{EBCB66CF-D05D-44DD-8C59-1D2AE500E3E4}.Release|Any CPU.ActiveCfg = Release|Any CPU
		{EBCB66CF-D05D-44DD-8C59-1D2AE500E3E4}.Release|Any CPU.Build.0 = Release|Any CPU
		{F47241C7-8F81-4E94-963D-D2451C5E7923}.Debug|Any CPU.ActiveCfg = Debug|Any CPU
		{F47241C7-8F81-4E94-963D-D2451C5E7923}.Debug|Any CPU.Build.0 = Debug|Any CPU
		{F47241C7-8F81-4E94-963D-D2451C5E7923}.Release|Any CPU.ActiveCfg = Release|Any CPU
		{F47241C7-8F81-4E94-963D-D2451C5E7923}.Release|Any CPU.Build.0 = Release|Any CPU
		{0086E34A-7600-4B5A-8D13-44C0F0598104}.Debug|Any CPU.ActiveCfg = Debug|Any CPU
		{0086E34A-7600-4B5A-8D13-44C0F0598104}.Debug|Any CPU.Build.0 = Debug|Any CPU
		{0086E34A-7600-4B5A-8D13-44C0F0598104}.Release|Any CPU.ActiveCfg = Release|Any CPU
		{0086E34A-7600-4B5A-8D13-44C0F0598104}.Release|Any CPU.Build.0 = Release|Any CPU
		{F1C429D3-2049-46DB-A199-DBBA987ABE38}.Debug|Any CPU.ActiveCfg = Debug|Any CPU
		{F1C429D3-2049-46DB-A199-DBBA987ABE38}.Debug|Any CPU.Build.0 = Debug|Any CPU
		{F1C429D3-2049-46DB-A199-DBBA987ABE38}.Release|Any CPU.ActiveCfg = Release|Any CPU
		{F1C429D3-2049-46DB-A199-DBBA987ABE38}.Release|Any CPU.Build.0 = Release|Any CPU
		{53C181E8-328F-44C5-9D30-BB7345A5F786}.Debug|Any CPU.ActiveCfg = Debug|Any CPU
		{53C181E8-328F-44C5-9D30-BB7345A5F786}.Debug|Any CPU.Build.0 = Debug|Any CPU
		{53C181E8-328F-44C5-9D30-BB7345A5F786}.Release|Any CPU.ActiveCfg = Release|Any CPU
		{53C181E8-328F-44C5-9D30-BB7345A5F786}.Release|Any CPU.Build.0 = Release|Any CPU
	EndGlobalSection
EndGlobal
